// !$*UTF8*$!
{
	archiveVersion = 1;
	classes = {
	};
	objectVersion = 46;
	objects = {

/* Begin PBXBuildFile section */
		B10183B61CA932A800E47F0D /* SQEssenceViewController.m in Sources */ = {isa = PBXBuildFile; fileRef = B10183801CA932A800E47F0D /* SQEssenceViewController.m */; };
		B10183B71CA932A800E47F0D /* SQFriendTrendsViewController.m in Sources */ = {isa = PBXBuildFile; fileRef = B10183861CA932A800E47F0D /* SQFriendTrendsViewController.m */; };
		B10183B81CA932A800E47F0D /* SQFriendTrendsViewController.xib in Resources */ = {isa = PBXBuildFile; fileRef = B10183871CA932A800E47F0D /* SQFriendTrendsViewController.xib */; };
		B10183B91CA932A800E47F0D /* SQRecommendViewController.m in Sources */ = {isa = PBXBuildFile; fileRef = B10183891CA932A800E47F0D /* SQRecommendViewController.m */; };
		B10183BA1CA932A800E47F0D /* SQRecommendViewController.xib in Resources */ = {isa = PBXBuildFile; fileRef = B101838A1CA932A800E47F0D /* SQRecommendViewController.xib */; };
		B10183BB1CA932A800E47F0D /* SQRecommendCategory.m in Sources */ = {isa = PBXBuildFile; fileRef = B101838D1CA932A800E47F0D /* SQRecommendCategory.m */; };
		B10183BC1CA932A800E47F0D /* SQRecommendUser.m in Sources */ = {isa = PBXBuildFile; fileRef = B101838F1CA932A800E47F0D /* SQRecommendUser.m */; };
		B10183BD1CA932A800E47F0D /* SQRecommendCategoryCell.m in Sources */ = {isa = PBXBuildFile; fileRef = B10183921CA932A800E47F0D /* SQRecommendCategoryCell.m */; };
		B10183BE1CA932A800E47F0D /* SQRecommendCategoryCell.xib in Resources */ = {isa = PBXBuildFile; fileRef = B10183931CA932A800E47F0D /* SQRecommendCategoryCell.xib */; };
		B10183BF1CA932A800E47F0D /* SQRecommendUserCell.m in Sources */ = {isa = PBXBuildFile; fileRef = B10183951CA932A800E47F0D /* SQRecommendUserCell.m */; };
		B10183C01CA932A800E47F0D /* SQRecommendUserCell.xib in Resources */ = {isa = PBXBuildFile; fileRef = B10183961CA932A800E47F0D /* SQRecommendUserCell.xib */; };
		B10183C11CA932A800E47F0D /* SQMeViewController.m in Sources */ = {isa = PBXBuildFile; fileRef = B101839A1CA932A800E47F0D /* SQMeViewController.m */; };
		B10183C21CA932A800E47F0D /* SQNewViewController.m in Sources */ = {isa = PBXBuildFile; fileRef = B10183A01CA932A800E47F0D /* SQNewViewController.m */; };
		B10183C31CA932A800E47F0D /* AppDelegate.m in Sources */ = {isa = PBXBuildFile; fileRef = B10183A51CA932A800E47F0D /* AppDelegate.m */; };
		B10183C41CA932A800E47F0D /* UIBarButtonItem+SQExtension.m in Sources */ = {isa = PBXBuildFile; fileRef = B10183A81CA932A800E47F0D /* UIBarButtonItem+SQExtension.m */; };
		B10183C51CA932A800E47F0D /* UIView+SQExtension.m in Sources */ = {isa = PBXBuildFile; fileRef = B10183AA1CA932A800E47F0D /* UIView+SQExtension.m */; };
		B10183C61CA932A800E47F0D /* SQNavigationController.m in Sources */ = {isa = PBXBuildFile; fileRef = B10183AD1CA932A800E47F0D /* SQNavigationController.m */; };
		B10183C71CA932A800E47F0D /* SQTabBarController.m in Sources */ = {isa = PBXBuildFile; fileRef = B10183AF1CA932A800E47F0D /* SQTabBarController.m */; };
		B10183C81CA932A800E47F0D /* Foundation+Log.m in Sources */ = {isa = PBXBuildFile; fileRef = B10183B01CA932A800E47F0D /* Foundation+Log.m */; };
		B10183C91CA932A800E47F0D /* main.m in Sources */ = {isa = PBXBuildFile; fileRef = B10183B11CA932A800E47F0D /* main.m */; };
		B10183CA1CA932A800E47F0D /* SQTabBar.m in Sources */ = {isa = PBXBuildFile; fileRef = B10183B51CA932A800E47F0D /* SQTabBar.m */; };
		B1214DD11CA4365700D65E76 /* Assets.xcassets in Resources */ = {isa = PBXBuildFile; fileRef = B1214DD01CA4365700D65E76 /* Assets.xcassets */; };
		B1214DDF1CA4365700D65E76 /* baisibudejieTests.m in Sources */ = {isa = PBXBuildFile; fileRef = B1214DDE1CA4365700D65E76 /* baisibudejieTests.m */; };
		B1214DEA1CA4365700D65E76 /* baisibudejieUITests.m in Sources */ = {isa = PBXBuildFile; fileRef = B1214DE91CA4365700D65E76 /* baisibudejieUITests.m */; };
		B1344A101CB532AC00FDD722 /* SQLoginRegisterViewController.m in Sources */ = {isa = PBXBuildFile; fileRef = B1344A0E1CB532AC00FDD722 /* SQLoginRegisterViewController.m */; };
		B1344A111CB532AC00FDD722 /* SQLoginRegisterViewController.xib in Resources */ = {isa = PBXBuildFile; fileRef = B1344A0F1CB532AC00FDD722 /* SQLoginRegisterViewController.xib */; };
		B1344A141CB546EB00FDD722 /* SQVerticalButton.m in Sources */ = {isa = PBXBuildFile; fileRef = B1344A131CB546EB00FDD722 /* SQVerticalButton.m */; };
		B1344A171CB5572200FDD722 /* SQTextField.m in Sources */ = {isa = PBXBuildFile; fileRef = B1344A161CB5572200FDD722 /* SQTextField.m */; };
		B173350C1CB3FD470093437F /* SQRecommendTag.m in Sources */ = {isa = PBXBuildFile; fileRef = B173350B1CB3FD470093437F /* SQRecommendTag.m */; };
		B17335101CB3FF100093437F /* SQRecommendTagCell.m in Sources */ = {isa = PBXBuildFile; fileRef = B173350E1CB3FF100093437F /* SQRecommendTagCell.m */; };
		B17335111CB3FF100093437F /* SQRecommendTagCell.xib in Resources */ = {isa = PBXBuildFile; fileRef = B173350F1CB3FF100093437F /* SQRecommendTagCell.xib */; };
		B1B15ADB1CAAF0AA00B4EE8E /* SQRecommendTagsViewController.m in Sources */ = {isa = PBXBuildFile; fileRef = B1B15ADA1CAAF0AA00B4EE8E /* SQRecommendTagsViewController.m */; };
		B74E78AF4CBECE53F802119B /* libPods.a in Frameworks */ = {isa = PBXBuildFile; fileRef = F96AD181BC7DD381C2E0ADD9 /* libPods.a */; };
/* End PBXBuildFile section */

/* Begin PBXContainerItemProxy section */
		B1214DDB1CA4365700D65E76 /* PBXContainerItemProxy */ = {
			isa = PBXContainerItemProxy;
			containerPortal = B1214DB91CA4365700D65E76 /* Project object */;
			proxyType = 1;
			remoteGlobalIDString = B1214DC01CA4365700D65E76;
			remoteInfo = baisibudejie;
		};
		B1214DE61CA4365700D65E76 /* PBXContainerItemProxy */ = {
			isa = PBXContainerItemProxy;
			containerPortal = B1214DB91CA4365700D65E76 /* Project object */;
			proxyType = 1;
			remoteGlobalIDString = B1214DC01CA4365700D65E76;
			remoteInfo = baisibudejie;
		};
/* End PBXContainerItemProxy section */

/* Begin PBXFileReference section */
		3DABCA9FDA0C6E6515C888EB /* Pods.debug.xcconfig */ = {isa = PBXFileReference; includeInIndex = 1; lastKnownFileType = text.xcconfig; name = Pods.debug.xcconfig; path = "Pods/Target Support Files/Pods/Pods.debug.xcconfig"; sourceTree = "<group>"; };
		57C57F3BF53F882AC0D395DB /* Pods.release.xcconfig */ = {isa = PBXFileReference; includeInIndex = 1; lastKnownFileType = text.xcconfig; name = Pods.release.xcconfig; path = "Pods/Target Support Files/Pods/Pods.release.xcconfig"; sourceTree = "<group>"; };
		B101837F1CA932A800E47F0D /* SQEssenceViewController.h */ = {isa = PBXFileReference; fileEncoding = 4; lastKnownFileType = sourcecode.c.h; path = SQEssenceViewController.h; sourceTree = "<group>"; };
		B10183801CA932A800E47F0D /* SQEssenceViewController.m */ = {isa = PBXFileReference; fileEncoding = 4; lastKnownFileType = sourcecode.c.objc; path = SQEssenceViewController.m; sourceTree = "<group>"; };
		B10183851CA932A800E47F0D /* SQFriendTrendsViewController.h */ = {isa = PBXFileReference; fileEncoding = 4; lastKnownFileType = sourcecode.c.h; path = SQFriendTrendsViewController.h; sourceTree = "<group>"; };
		B10183861CA932A800E47F0D /* SQFriendTrendsViewController.m */ = {isa = PBXFileReference; fileEncoding = 4; lastKnownFileType = sourcecode.c.objc; path = SQFriendTrendsViewController.m; sourceTree = "<group>"; };
		B10183871CA932A800E47F0D /* SQFriendTrendsViewController.xib */ = {isa = PBXFileReference; fileEncoding = 4; lastKnownFileType = file.xib; path = SQFriendTrendsViewController.xib; sourceTree = "<group>"; };
		B10183881CA932A800E47F0D /* SQRecommendViewController.h */ = {isa = PBXFileReference; fileEncoding = 4; lastKnownFileType = sourcecode.c.h; path = SQRecommendViewController.h; sourceTree = "<group>"; };
		B10183891CA932A800E47F0D /* SQRecommendViewController.m */ = {isa = PBXFileReference; fileEncoding = 4; lastKnownFileType = sourcecode.c.objc; path = SQRecommendViewController.m; sourceTree = "<group>"; };
		B101838A1CA932A800E47F0D /* SQRecommendViewController.xib */ = {isa = PBXFileReference; fileEncoding = 4; lastKnownFileType = file.xib; path = SQRecommendViewController.xib; sourceTree = "<group>"; };
		B101838C1CA932A800E47F0D /* SQRecommendCategory.h */ = {isa = PBXFileReference; fileEncoding = 4; lastKnownFileType = sourcecode.c.h; path = SQRecommendCategory.h; sourceTree = "<group>"; };
		B101838D1CA932A800E47F0D /* SQRecommendCategory.m */ = {isa = PBXFileReference; fileEncoding = 4; lastKnownFileType = sourcecode.c.objc; path = SQRecommendCategory.m; sourceTree = "<group>"; };
		B101838E1CA932A800E47F0D /* SQRecommendUser.h */ = {isa = PBXFileReference; fileEncoding = 4; lastKnownFileType = sourcecode.c.h; path = SQRecommendUser.h; sourceTree = "<group>"; };
		B101838F1CA932A800E47F0D /* SQRecommendUser.m */ = {isa = PBXFileReference; fileEncoding = 4; lastKnownFileType = sourcecode.c.objc; path = SQRecommendUser.m; sourceTree = "<group>"; };
		B10183911CA932A800E47F0D /* SQRecommendCategoryCell.h */ = {isa = PBXFileReference; fileEncoding = 4; lastKnownFileType = sourcecode.c.h; path = SQRecommendCategoryCell.h; sourceTree = "<group>"; };
		B10183921CA932A800E47F0D /* SQRecommendCategoryCell.m */ = {isa = PBXFileReference; fileEncoding = 4; lastKnownFileType = sourcecode.c.objc; path = SQRecommendCategoryCell.m; sourceTree = "<group>"; };
		B10183931CA932A800E47F0D /* SQRecommendCategoryCell.xib */ = {isa = PBXFileReference; fileEncoding = 4; lastKnownFileType = file.xib; path = SQRecommendCategoryCell.xib; sourceTree = "<group>"; };
		B10183941CA932A800E47F0D /* SQRecommendUserCell.h */ = {isa = PBXFileReference; fileEncoding = 4; lastKnownFileType = sourcecode.c.h; path = SQRecommendUserCell.h; sourceTree = "<group>"; };
		B10183951CA932A800E47F0D /* SQRecommendUserCell.m */ = {isa = PBXFileReference; fileEncoding = 4; lastKnownFileType = sourcecode.c.objc; path = SQRecommendUserCell.m; sourceTree = "<group>"; };
		B10183961CA932A800E47F0D /* SQRecommendUserCell.xib */ = {isa = PBXFileReference; fileEncoding = 4; lastKnownFileType = file.xib; path = SQRecommendUserCell.xib; sourceTree = "<group>"; };
		B10183991CA932A800E47F0D /* SQMeViewController.h */ = {isa = PBXFileReference; fileEncoding = 4; lastKnownFileType = sourcecode.c.h; path = SQMeViewController.h; sourceTree = "<group>"; };
		B101839A1CA932A800E47F0D /* SQMeViewController.m */ = {isa = PBXFileReference; fileEncoding = 4; lastKnownFileType = sourcecode.c.objc; path = SQMeViewController.m; sourceTree = "<group>"; };
		B101839F1CA932A800E47F0D /* SQNewViewController.h */ = {isa = PBXFileReference; fileEncoding = 4; lastKnownFileType = sourcecode.c.h; path = SQNewViewController.h; sourceTree = "<group>"; };
		B10183A01CA932A800E47F0D /* SQNewViewController.m */ = {isa = PBXFileReference; fileEncoding = 4; lastKnownFileType = sourcecode.c.objc; path = SQNewViewController.m; sourceTree = "<group>"; };
		B10183A41CA932A800E47F0D /* AppDelegate.h */ = {isa = PBXFileReference; fileEncoding = 4; lastKnownFileType = sourcecode.c.h; path = AppDelegate.h; sourceTree = "<group>"; };
		B10183A51CA932A800E47F0D /* AppDelegate.m */ = {isa = PBXFileReference; fileEncoding = 4; lastKnownFileType = sourcecode.c.objc; path = AppDelegate.m; sourceTree = "<group>"; };
		B10183A71CA932A800E47F0D /* UIBarButtonItem+SQExtension.h */ = {isa = PBXFileReference; fileEncoding = 4; lastKnownFileType = sourcecode.c.h; path = "UIBarButtonItem+SQExtension.h"; sourceTree = "<group>"; };
		B10183A81CA932A800E47F0D /* UIBarButtonItem+SQExtension.m */ = {isa = PBXFileReference; fileEncoding = 4; lastKnownFileType = sourcecode.c.objc; path = "UIBarButtonItem+SQExtension.m"; sourceTree = "<group>"; };
		B10183A91CA932A800E47F0D /* UIView+SQExtension.h */ = {isa = PBXFileReference; fileEncoding = 4; lastKnownFileType = sourcecode.c.h; path = "UIView+SQExtension.h"; sourceTree = "<group>"; };
		B10183AA1CA932A800E47F0D /* UIView+SQExtension.m */ = {isa = PBXFileReference; fileEncoding = 4; lastKnownFileType = sourcecode.c.objc; path = "UIView+SQExtension.m"; sourceTree = "<group>"; };
		B10183AC1CA932A800E47F0D /* SQNavigationController.h */ = {isa = PBXFileReference; fileEncoding = 4; lastKnownFileType = sourcecode.c.h; path = SQNavigationController.h; sourceTree = "<group>"; };
		B10183AD1CA932A800E47F0D /* SQNavigationController.m */ = {isa = PBXFileReference; fileEncoding = 4; lastKnownFileType = sourcecode.c.objc; path = SQNavigationController.m; sourceTree = "<group>"; };
		B10183AE1CA932A800E47F0D /* SQTabBarController.h */ = {isa = PBXFileReference; fileEncoding = 4; lastKnownFileType = sourcecode.c.h; path = SQTabBarController.h; sourceTree = "<group>"; };
		B10183AF1CA932A800E47F0D /* SQTabBarController.m */ = {isa = PBXFileReference; fileEncoding = 4; lastKnownFileType = sourcecode.c.objc; path = SQTabBarController.m; sourceTree = "<group>"; };
		B10183B01CA932A800E47F0D /* Foundation+Log.m */ = {isa = PBXFileReference; fileEncoding = 4; lastKnownFileType = sourcecode.c.objc; path = "Foundation+Log.m"; sourceTree = "<group>"; };
		B10183B11CA932A800E47F0D /* main.m */ = {isa = PBXFileReference; fileEncoding = 4; lastKnownFileType = sourcecode.c.objc; path = main.m; sourceTree = "<group>"; };
		B10183B21CA932A800E47F0D /* PrefixHeader.pch */ = {isa = PBXFileReference; fileEncoding = 4; lastKnownFileType = sourcecode.c.h; path = PrefixHeader.pch; sourceTree = "<group>"; };
		B10183B41CA932A800E47F0D /* SQTabBar.h */ = {isa = PBXFileReference; fileEncoding = 4; lastKnownFileType = sourcecode.c.h; path = SQTabBar.h; sourceTree = "<group>"; };
		B10183B51CA932A800E47F0D /* SQTabBar.m */ = {isa = PBXFileReference; fileEncoding = 4; lastKnownFileType = sourcecode.c.objc; path = SQTabBar.m; sourceTree = "<group>"; };
		B1214DC11CA4365700D65E76 /* baisibudejie.app */ = {isa = PBXFileReference; explicitFileType = wrapper.application; includeInIndex = 0; path = baisibudejie.app; sourceTree = BUILT_PRODUCTS_DIR; };
		B1214DD01CA4365700D65E76 /* Assets.xcassets */ = {isa = PBXFileReference; lastKnownFileType = folder.assetcatalog; path = Assets.xcassets; sourceTree = "<group>"; };
		B1214DD51CA4365700D65E76 /* Info.plist */ = {isa = PBXFileReference; lastKnownFileType = text.plist.xml; path = Info.plist; sourceTree = "<group>"; };
		B1214DDA1CA4365700D65E76 /* baisibudejieTests.xctest */ = {isa = PBXFileReference; explicitFileType = wrapper.cfbundle; includeInIndex = 0; path = baisibudejieTests.xctest; sourceTree = BUILT_PRODUCTS_DIR; };
		B1214DDE1CA4365700D65E76 /* baisibudejieTests.m */ = {isa = PBXFileReference; lastKnownFileType = sourcecode.c.objc; path = baisibudejieTests.m; sourceTree = "<group>"; };
		B1214DE01CA4365700D65E76 /* Info.plist */ = {isa = PBXFileReference; lastKnownFileType = text.plist.xml; path = Info.plist; sourceTree = "<group>"; };
		B1214DE51CA4365700D65E76 /* baisibudejieUITests.xctest */ = {isa = PBXFileReference; explicitFileType = wrapper.cfbundle; includeInIndex = 0; path = baisibudejieUITests.xctest; sourceTree = BUILT_PRODUCTS_DIR; };
		B1214DE91CA4365700D65E76 /* baisibudejieUITests.m */ = {isa = PBXFileReference; lastKnownFileType = sourcecode.c.objc; path = baisibudejieUITests.m; sourceTree = "<group>"; };
		B1214DEB1CA4365700D65E76 /* Info.plist */ = {isa = PBXFileReference; lastKnownFileType = text.plist.xml; path = Info.plist; sourceTree = "<group>"; };
		B1344A0D1CB532AC00FDD722 /* SQLoginRegisterViewController.h */ = {isa = PBXFileReference; fileEncoding = 4; lastKnownFileType = sourcecode.c.h; path = SQLoginRegisterViewController.h; sourceTree = "<group>"; };
		B1344A0E1CB532AC00FDD722 /* SQLoginRegisterViewController.m */ = {isa = PBXFileReference; fileEncoding = 4; lastKnownFileType = sourcecode.c.objc; path = SQLoginRegisterViewController.m; sourceTree = "<group>"; };
		B1344A0F1CB532AC00FDD722 /* SQLoginRegisterViewController.xib */ = {isa = PBXFileReference; fileEncoding = 4; lastKnownFileType = file.xib; path = SQLoginRegisterViewController.xib; sourceTree = "<group>"; };
		B1344A121CB546EB00FDD722 /* SQVerticalButton.h */ = {isa = PBXFileReference; fileEncoding = 4; lastKnownFileType = sourcecode.c.h; path = SQVerticalButton.h; sourceTree = "<group>"; };
		B1344A131CB546EB00FDD722 /* SQVerticalButton.m */ = {isa = PBXFileReference; fileEncoding = 4; lastKnownFileType = sourcecode.c.objc; path = SQVerticalButton.m; sourceTree = "<group>"; };
		B1344A151CB5572200FDD722 /* SQTextField.h */ = {isa = PBXFileReference; fileEncoding = 4; lastKnownFileType = sourcecode.c.h; path = SQTextField.h; sourceTree = "<group>"; };
		B1344A161CB5572200FDD722 /* SQTextField.m */ = {isa = PBXFileReference; fileEncoding = 4; lastKnownFileType = sourcecode.c.objc; path = SQTextField.m; sourceTree = "<group>"; };
		B173350A1CB3FD470093437F /* SQRecommendTag.h */ = {isa = PBXFileReference; fileEncoding = 4; lastKnownFileType = sourcecode.c.h; path = SQRecommendTag.h; sourceTree = "<group>"; };
		B173350B1CB3FD470093437F /* SQRecommendTag.m */ = {isa = PBXFileReference; fileEncoding = 4; lastKnownFileType = sourcecode.c.objc; path = SQRecommendTag.m; sourceTree = "<group>"; };
		B173350D1CB3FF100093437F /* SQRecommendTagCell.h */ = {isa = PBXFileReference; fileEncoding = 4; lastKnownFileType = sourcecode.c.h; path = SQRecommendTagCell.h; sourceTree = "<group>"; };
		B173350E1CB3FF100093437F /* SQRecommendTagCell.m */ = {isa = PBXFileReference; fileEncoding = 4; lastKnownFileType = sourcecode.c.objc; path = SQRecommendTagCell.m; sourceTree = "<group>"; };
		B173350F1CB3FF100093437F /* SQRecommendTagCell.xib */ = {isa = PBXFileReference; fileEncoding = 4; lastKnownFileType = file.xib; path = SQRecommendTagCell.xib; sourceTree = "<group>"; };
		B1B15AD91CAAF0AA00B4EE8E /* SQRecommendTagsViewController.h */ = {isa = PBXFileReference; fileEncoding = 4; lastKnownFileType = sourcecode.c.h; path = SQRecommendTagsViewController.h; sourceTree = "<group>"; };
		B1B15ADA1CAAF0AA00B4EE8E /* SQRecommendTagsViewController.m */ = {isa = PBXFileReference; fileEncoding = 4; lastKnownFileType = sourcecode.c.objc; path = SQRecommendTagsViewController.m; sourceTree = "<group>"; };
		F96AD181BC7DD381C2E0ADD9 /* libPods.a */ = {isa = PBXFileReference; explicitFileType = archive.ar; includeInIndex = 0; path = libPods.a; sourceTree = BUILT_PRODUCTS_DIR; };
/* End PBXFileReference section */

/* Begin PBXFrameworksBuildPhase section */
		B1214DBE1CA4365700D65E76 /* Frameworks */ = {
			isa = PBXFrameworksBuildPhase;
			buildActionMask = 2147483647;
			files = (
				B74E78AF4CBECE53F802119B /* libPods.a in Frameworks */,
			);
			runOnlyForDeploymentPostprocessing = 0;
		};
		B1214DD71CA4365700D65E76 /* Frameworks */ = {
			isa = PBXFrameworksBuildPhase;
			buildActionMask = 2147483647;
			files = (
			);
			runOnlyForDeploymentPostprocessing = 0;
		};
		B1214DE21CA4365700D65E76 /* Frameworks */ = {
			isa = PBXFrameworksBuildPhase;
			buildActionMask = 2147483647;
			files = (
			);
			runOnlyForDeploymentPostprocessing = 0;
		};
/* End PBXFrameworksBuildPhase section */

/* Begin PBXGroup section */
		A6861388B7A688EC8F91727D /* Pods */ = {
			isa = PBXGroup;
			children = (
				3DABCA9FDA0C6E6515C888EB /* Pods.debug.xcconfig */,
				57C57F3BF53F882AC0D395DB /* Pods.release.xcconfig */,
			);
			name = Pods;
			sourceTree = "<group>";
		};
		B101837C1CA932A800E47F0D /* Classes */ = {
			isa = PBXGroup;
			children = (
				B101837D1CA932A800E47F0D /* Essence */,
				B10183831CA932A800E47F0D /* FriendTrends */,
				B10183971CA932A800E47F0D /* Me */,
				B101839D1CA932A800E47F0D /* New */,
				B10183A31CA932A800E47F0D /* Other */,
			);
			path = Classes;
			sourceTree = "<group>";
		};
		B101837D1CA932A800E47F0D /* Essence */ = {
			isa = PBXGroup;
			children = (
				B101837E1CA932A800E47F0D /* Controllers */,
				B10183811CA932A800E47F0D /* Models */,
				B10183821CA932A800E47F0D /* Views */,
			);
			path = Essence;
			sourceTree = "<group>";
		};
		B101837E1CA932A800E47F0D /* Controllers */ = {
			isa = PBXGroup;
			children = (
				B101837F1CA932A800E47F0D /* SQEssenceViewController.h */,
				B10183801CA932A800E47F0D /* SQEssenceViewController.m */,
				B1B15AD91CAAF0AA00B4EE8E /* SQRecommendTagsViewController.h */,
				B1B15ADA1CAAF0AA00B4EE8E /* SQRecommendTagsViewController.m */,
			);
			path = Controllers;
			sourceTree = "<group>";
		};
		B10183811CA932A800E47F0D /* Models */ = {
			isa = PBXGroup;
			children = (
				B173350A1CB3FD470093437F /* SQRecommendTag.h */,
				B173350B1CB3FD470093437F /* SQRecommendTag.m */,
			);
			path = Models;
			sourceTree = "<group>";
		};
		B10183821CA932A800E47F0D /* Views */ = {
			isa = PBXGroup;
			children = (
				B173350D1CB3FF100093437F /* SQRecommendTagCell.h */,
				B173350E1CB3FF100093437F /* SQRecommendTagCell.m */,
				B173350F1CB3FF100093437F /* SQRecommendTagCell.xib */,
			);
			path = Views;
			sourceTree = "<group>";
		};
		B10183831CA932A800E47F0D /* FriendTrends */ = {
			isa = PBXGroup;
			children = (
				B10183841CA932A800E47F0D /* Controllers */,
				B101838B1CA932A800E47F0D /* Models */,
				B10183901CA932A800E47F0D /* Views */,
			);
			path = FriendTrends;
			sourceTree = "<group>";
		};
		B10183841CA932A800E47F0D /* Controllers */ = {
			isa = PBXGroup;
			children = (
				B10183851CA932A800E47F0D /* SQFriendTrendsViewController.h */,
				B10183861CA932A800E47F0D /* SQFriendTrendsViewController.m */,
				B10183871CA932A800E47F0D /* SQFriendTrendsViewController.xib */,
				B10183881CA932A800E47F0D /* SQRecommendViewController.h */,
				B10183891CA932A800E47F0D /* SQRecommendViewController.m */,
				B101838A1CA932A800E47F0D /* SQRecommendViewController.xib */,
				B1344A0D1CB532AC00FDD722 /* SQLoginRegisterViewController.h */,
				B1344A0E1CB532AC00FDD722 /* SQLoginRegisterViewController.m */,
				B1344A0F1CB532AC00FDD722 /* SQLoginRegisterViewController.xib */,
			);
			path = Controllers;
			sourceTree = "<group>";
		};
		B101838B1CA932A800E47F0D /* Models */ = {
			isa = PBXGroup;
			children = (
				B101838C1CA932A800E47F0D /* SQRecommendCategory.h */,
				B101838D1CA932A800E47F0D /* SQRecommendCategory.m */,
				B101838E1CA932A800E47F0D /* SQRecommendUser.h */,
				B101838F1CA932A800E47F0D /* SQRecommendUser.m */,
			);
			path = Models;
			sourceTree = "<group>";
		};
		B10183901CA932A800E47F0D /* Views */ = {
			isa = PBXGroup;
			children = (
				B10183911CA932A800E47F0D /* SQRecommendCategoryCell.h */,
				B10183921CA932A800E47F0D /* SQRecommendCategoryCell.m */,
				B10183931CA932A800E47F0D /* SQRecommendCategoryCell.xib */,
				B10183941CA932A800E47F0D /* SQRecommendUserCell.h */,
				B10183951CA932A800E47F0D /* SQRecommendUserCell.m */,
				B10183961CA932A800E47F0D /* SQRecommendUserCell.xib */,
				B1344A121CB546EB00FDD722 /* SQVerticalButton.h */,
				B1344A131CB546EB00FDD722 /* SQVerticalButton.m */,
				B1344A151CB5572200FDD722 /* SQTextField.h */,
				B1344A161CB5572200FDD722 /* SQTextField.m */,
			);
			path = Views;
			sourceTree = "<group>";
		};
		B10183971CA932A800E47F0D /* Me */ = {
			isa = PBXGroup;
			children = (
				B10183981CA932A800E47F0D /* Controllers */,
				B101839B1CA932A800E47F0D /* Models */,
				B101839C1CA932A800E47F0D /* Views */,
			);
			path = Me;
			sourceTree = "<group>";
		};
		B10183981CA932A800E47F0D /* Controllers */ = {
			isa = PBXGroup;
			children = (
				B10183991CA932A800E47F0D /* SQMeViewController.h */,
				B101839A1CA932A800E47F0D /* SQMeViewController.m */,
			);
			path = Controllers;
			sourceTree = "<group>";
		};
		B101839B1CA932A800E47F0D /* Models */ = {
			isa = PBXGroup;
			children = (
			);
			path = Models;
			sourceTree = "<group>";
		};
		B101839C1CA932A800E47F0D /* Views */ = {
			isa = PBXGroup;
			children = (
			);
			path = Views;
			sourceTree = "<group>";
		};
		B101839D1CA932A800E47F0D /* New */ = {
			isa = PBXGroup;
			children = (
				B101839E1CA932A800E47F0D /* Controllers */,
				B10183A11CA932A800E47F0D /* Models */,
				B10183A21CA932A800E47F0D /* Views */,
			);
			path = New;
			sourceTree = "<group>";
		};
		B101839E1CA932A800E47F0D /* Controllers */ = {
			isa = PBXGroup;
			children = (
				B101839F1CA932A800E47F0D /* SQNewViewController.h */,
				B10183A01CA932A800E47F0D /* SQNewViewController.m */,
			);
			path = Controllers;
			sourceTree = "<group>";
		};
		B10183A11CA932A800E47F0D /* Models */ = {
			isa = PBXGroup;
			children = (
			);
			path = Models;
			sourceTree = "<group>";
		};
		B10183A21CA932A800E47F0D /* Views */ = {
			isa = PBXGroup;
			children = (
			);
			path = Views;
			sourceTree = "<group>";
		};
		B10183A31CA932A800E47F0D /* Other */ = {
			isa = PBXGroup;
			children = (
				B10183A41CA932A800E47F0D /* AppDelegate.h */,
				B10183A51CA932A800E47F0D /* AppDelegate.m */,
				B10183A61CA932A800E47F0D /* Category */,
				B10183AB1CA932A800E47F0D /* Controllers */,
				B10183B01CA932A800E47F0D /* Foundation+Log.m */,
				B10183B11CA932A800E47F0D /* main.m */,
				B10183B21CA932A800E47F0D /* PrefixHeader.pch */,
				B10183B31CA932A800E47F0D /* View */,
			);
			path = Other;
			sourceTree = "<group>";
		};
		B10183A61CA932A800E47F0D /* Category */ = {
			isa = PBXGroup;
			children = (
				B10183A71CA932A800E47F0D /* UIBarButtonItem+SQExtension.h */,
				B10183A81CA932A800E47F0D /* UIBarButtonItem+SQExtension.m */,
				B10183A91CA932A800E47F0D /* UIView+SQExtension.h */,
				B10183AA1CA932A800E47F0D /* UIView+SQExtension.m */,
			);
			path = Category;
			sourceTree = "<group>";
		};
		B10183AB1CA932A800E47F0D /* Controllers */ = {
			isa = PBXGroup;
			children = (
				B10183AC1CA932A800E47F0D /* SQNavigationController.h */,
				B10183AD1CA932A800E47F0D /* SQNavigationController.m */,
				B10183AE1CA932A800E47F0D /* SQTabBarController.h */,
				B10183AF1CA932A800E47F0D /* SQTabBarController.m */,
			);
			path = Controllers;
			sourceTree = "<group>";
		};
		B10183B31CA932A800E47F0D /* View */ = {
			isa = PBXGroup;
			children = (
				B10183B41CA932A800E47F0D /* SQTabBar.h */,
				B10183B51CA932A800E47F0D /* SQTabBar.m */,
			);
			path = View;
			sourceTree = "<group>";
		};
		B1214DB81CA4365700D65E76 = {
			isa = PBXGroup;
			children = (
				B1214DC31CA4365700D65E76 /* baisibudejie */,
				B1214DDD1CA4365700D65E76 /* baisibudejieTests */,
				B1214DE81CA4365700D65E76 /* baisibudejieUITests */,
				B1214DC21CA4365700D65E76 /* Products */,
				A6861388B7A688EC8F91727D /* Pods */,
				BE5FD48C7365F43B49DB2C4D /* Frameworks */,
			);
			sourceTree = "<group>";
		};
		B1214DC21CA4365700D65E76 /* Products */ = {
			isa = PBXGroup;
			children = (
				B1214DC11CA4365700D65E76 /* baisibudejie.app */,
				B1214DDA1CA4365700D65E76 /* baisibudejieTests.xctest */,
				B1214DE51CA4365700D65E76 /* baisibudejieUITests.xctest */,
			);
			name = Products;
			sourceTree = "<group>";
		};
		B1214DC31CA4365700D65E76 /* baisibudejie */ = {
			isa = PBXGroup;
			children = (
				B101837C1CA932A800E47F0D /* Classes */,
				B1214DC41CA4365700D65E76 /* Supporting Files */,
			);
			path = baisibudejie;
			sourceTree = "<group>";
		};
		B1214DC41CA4365700D65E76 /* Supporting Files */ = {
			isa = PBXGroup;
			children = (
				B1214DD01CA4365700D65E76 /* Assets.xcassets */,
				B1214DD51CA4365700D65E76 /* Info.plist */,
			);
			name = "Supporting Files";
			sourceTree = "<group>";
		};
		B1214DDD1CA4365700D65E76 /* baisibudejieTests */ = {
			isa = PBXGroup;
			children = (
				B1214DDE1CA4365700D65E76 /* baisibudejieTests.m */,
				B1214DE01CA4365700D65E76 /* Info.plist */,
			);
			path = baisibudejieTests;
			sourceTree = "<group>";
		};
		B1214DE81CA4365700D65E76 /* baisibudejieUITests */ = {
			isa = PBXGroup;
			children = (
				B1214DE91CA4365700D65E76 /* baisibudejieUITests.m */,
				B1214DEB1CA4365700D65E76 /* Info.plist */,
			);
			path = baisibudejieUITests;
			sourceTree = "<group>";
		};
		BE5FD48C7365F43B49DB2C4D /* Frameworks */ = {
			isa = PBXGroup;
			children = (
				F96AD181BC7DD381C2E0ADD9 /* libPods.a */,
			);
			name = Frameworks;
			sourceTree = "<group>";
		};
/* End PBXGroup section */

/* Begin PBXNativeTarget section */
		B1214DC01CA4365700D65E76 /* baisibudejie */ = {
			isa = PBXNativeTarget;
			buildConfigurationList = B1214DEE1CA4365700D65E76 /* Build configuration list for PBXNativeTarget "baisibudejie" */;
			buildPhases = (
				7563596EA84F5BDA536F2A29 /* Check Pods Manifest.lock */,
				B1214DBD1CA4365700D65E76 /* Sources */,
				B1214DBE1CA4365700D65E76 /* Frameworks */,
				B1214DBF1CA4365700D65E76 /* Resources */,
				8CFA01DFDD8D64BB85068F88 /* Embed Pods Frameworks */,
				5239E4252CC31D5E8B3EEA56 /* Copy Pods Resources */,
			);
			buildRules = (
			);
			dependencies = (
			);
			name = baisibudejie;
			productName = baisibudejie;
			productReference = B1214DC11CA4365700D65E76 /* baisibudejie.app */;
			productType = "com.apple.product-type.application";
		};
		B1214DD91CA4365700D65E76 /* baisibudejieTests */ = {
			isa = PBXNativeTarget;
			buildConfigurationList = B1214DF11CA4365700D65E76 /* Build configuration list for PBXNativeTarget "baisibudejieTests" */;
			buildPhases = (
				B1214DD61CA4365700D65E76 /* Sources */,
				B1214DD71CA4365700D65E76 /* Frameworks */,
				B1214DD81CA4365700D65E76 /* Resources */,
			);
			buildRules = (
			);
			dependencies = (
				B1214DDC1CA4365700D65E76 /* PBXTargetDependency */,
			);
			name = baisibudejieTests;
			productName = baisibudejieTests;
			productReference = B1214DDA1CA4365700D65E76 /* baisibudejieTests.xctest */;
			productType = "com.apple.product-type.bundle.unit-test";
		};
		B1214DE41CA4365700D65E76 /* baisibudejieUITests */ = {
			isa = PBXNativeTarget;
			buildConfigurationList = B1214DF41CA4365700D65E76 /* Build configuration list for PBXNativeTarget "baisibudejieUITests" */;
			buildPhases = (
				B1214DE11CA4365700D65E76 /* Sources */,
				B1214DE21CA4365700D65E76 /* Frameworks */,
				B1214DE31CA4365700D65E76 /* Resources */,
			);
			buildRules = (
			);
			dependencies = (
				B1214DE71CA4365700D65E76 /* PBXTargetDependency */,
			);
			name = baisibudejieUITests;
			productName = baisibudejieUITests;
			productReference = B1214DE51CA4365700D65E76 /* baisibudejieUITests.xctest */;
			productType = "com.apple.product-type.bundle.ui-testing";
		};
/* End PBXNativeTarget section */

/* Begin PBXProject section */
		B1214DB91CA4365700D65E76 /* Project object */ = {
			isa = PBXProject;
			attributes = {
				CLASSPREFIX = SQ;
				LastUpgradeCheck = 0720;
				ORGANIZATIONNAME = SQ;
				TargetAttributes = {
					B1214DC01CA4365700D65E76 = {
						CreatedOnToolsVersion = 7.2;
						DevelopmentTeam = WB6FNA5UM2;
					};
					B1214DD91CA4365700D65E76 = {
						CreatedOnToolsVersion = 7.2;
						DevelopmentTeam = WB6FNA5UM2;
						TestTargetID = B1214DC01CA4365700D65E76;
					};
					B1214DE41CA4365700D65E76 = {
						CreatedOnToolsVersion = 7.2;
						DevelopmentTeam = WB6FNA5UM2;
						TestTargetID = B1214DC01CA4365700D65E76;
					};
				};
			};
			buildConfigurationList = B1214DBC1CA4365700D65E76 /* Build configuration list for PBXProject "baisibudejie" */;
			compatibilityVersion = "Xcode 3.2";
			developmentRegion = English;
			hasScannedForEncodings = 0;
			knownRegions = (
				en,
				Base,
			);
			mainGroup = B1214DB81CA4365700D65E76;
			productRefGroup = B1214DC21CA4365700D65E76 /* Products */;
			projectDirPath = "";
			projectRoot = "";
			targets = (
				B1214DC01CA4365700D65E76 /* baisibudejie */,
				B1214DD91CA4365700D65E76 /* baisibudejieTests */,
				B1214DE41CA4365700D65E76 /* baisibudejieUITests */,
			);
		};
/* End PBXProject section */

/* Begin PBXResourcesBuildPhase section */
		B1214DBF1CA4365700D65E76 /* Resources */ = {
			isa = PBXResourcesBuildPhase;
			buildActionMask = 2147483647;
			files = (
				B10183BE1CA932A800E47F0D /* SQRecommendCategoryCell.xib in Resources */,
				B17335111CB3FF100093437F /* SQRecommendTagCell.xib in Resources */,
				B10183B81CA932A800E47F0D /* SQFriendTrendsViewController.xib in Resources */,
				B10183C01CA932A800E47F0D /* SQRecommendUserCell.xib in Resources */,
				B10183BA1CA932A800E47F0D /* SQRecommendViewController.xib in Resources */,
				B1344A111CB532AC00FDD722 /* SQLoginRegisterViewController.xib in Resources */,
				B1214DD11CA4365700D65E76 /* Assets.xcassets in Resources */,
			);
			runOnlyForDeploymentPostprocessing = 0;
		};
		B1214DD81CA4365700D65E76 /* Resources */ = {
			isa = PBXResourcesBuildPhase;
			buildActionMask = 2147483647;
			files = (
			);
			runOnlyForDeploymentPostprocessing = 0;
		};
		B1214DE31CA4365700D65E76 /* Resources */ = {
			isa = PBXResourcesBuildPhase;
			buildActionMask = 2147483647;
			files = (
			);
			runOnlyForDeploymentPostprocessing = 0;
		};
/* End PBXResourcesBuildPhase section */

/* Begin PBXShellScriptBuildPhase section */
		5239E4252CC31D5E8B3EEA56 /* Copy Pods Resources */ = {
			isa = PBXShellScriptBuildPhase;
			buildActionMask = 2147483647;
			files = (
			);
			inputPaths = (
			);
			name = "Copy Pods Resources";
			outputPaths = (
			);
			runOnlyForDeploymentPostprocessing = 0;
			shellPath = /bin/sh;
			shellScript = "\"${SRCROOT}/Pods/Target Support Files/Pods/Pods-resources.sh\"\n";
			showEnvVarsInLog = 0;
		};
		7563596EA84F5BDA536F2A29 /* Check Pods Manifest.lock */ = {
			isa = PBXShellScriptBuildPhase;
			buildActionMask = 2147483647;
			files = (
			);
			inputPaths = (
			);
			name = "Check Pods Manifest.lock";
			outputPaths = (
			);
			runOnlyForDeploymentPostprocessing = 0;
			shellPath = /bin/sh;
			shellScript = "diff \"${PODS_ROOT}/../Podfile.lock\" \"${PODS_ROOT}/Manifest.lock\" > /dev/null\nif [[ $? != 0 ]] ; then\n    cat << EOM\nerror: The sandbox is not in sync with the Podfile.lock. Run 'pod install' or update your CocoaPods installation.\nEOM\n    exit 1\nfi\n";
			showEnvVarsInLog = 0;
		};
		8CFA01DFDD8D64BB85068F88 /* Embed Pods Frameworks */ = {
			isa = PBXShellScriptBuildPhase;
			buildActionMask = 2147483647;
			files = (
			);
			inputPaths = (
			);
			name = "Embed Pods Frameworks";
			outputPaths = (
			);
			runOnlyForDeploymentPostprocessing = 0;
			shellPath = /bin/sh;
			shellScript = "\"${SRCROOT}/Pods/Target Support Files/Pods/Pods-frameworks.sh\"\n";
			showEnvVarsInLog = 0;
		};
/* End PBXShellScriptBuildPhase section */

/* Begin PBXSourcesBuildPhase section */
		B1214DBD1CA4365700D65E76 /* Sources */ = {
			isa = PBXSourcesBuildPhase;
			buildActionMask = 2147483647;
			files = (
				B10183C51CA932A800E47F0D /* UIView+SQExtension.m in Sources */,
				B10183BD1CA932A800E47F0D /* SQRecommendCategoryCell.m in Sources */,
				B10183C61CA932A800E47F0D /* SQNavigationController.m in Sources */,
				B10183C71CA932A800E47F0D /* SQTabBarController.m in Sources */,
				B10183CA1CA932A800E47F0D /* SQTabBar.m in Sources */,
				B17335101CB3FF100093437F /* SQRecommendTagCell.m in Sources */,
				B10183BF1CA932A800E47F0D /* SQRecommendUserCell.m in Sources */,
				B1B15ADB1CAAF0AA00B4EE8E /* SQRecommendTagsViewController.m in Sources */,
				B10183BB1CA932A800E47F0D /* SQRecommendCategory.m in Sources */,
				B10183C91CA932A800E47F0D /* main.m in Sources */,
				B10183C41CA932A800E47F0D /* UIBarButtonItem+SQExtension.m in Sources */,
				B10183B71CA932A800E47F0D /* SQFriendTrendsViewController.m in Sources */,
				B10183C31CA932A800E47F0D /* AppDelegate.m in Sources */,
				B1344A141CB546EB00FDD722 /* SQVerticalButton.m in Sources */,
				B10183C11CA932A800E47F0D /* SQMeViewController.m in Sources */,
				B10183B91CA932A800E47F0D /* SQRecommendViewController.m in Sources */,
				B10183C81CA932A800E47F0D /* Foundation+Log.m in Sources */,
				B10183BC1CA932A800E47F0D /* SQRecommendUser.m in Sources */,
				B10183B61CA932A800E47F0D /* SQEssenceViewController.m in Sources */,
				B173350C1CB3FD470093437F /* SQRecommendTag.m in Sources */,
				B10183C21CA932A800E47F0D /* SQNewViewController.m in Sources */,
				B1344A101CB532AC00FDD722 /* SQLoginRegisterViewController.m in Sources */,
				B1344A171CB5572200FDD722 /* SQTextField.m in Sources */,
			);
			runOnlyForDeploymentPostprocessing = 0;
		};
		B1214DD61CA4365700D65E76 /* Sources */ = {
			isa = PBXSourcesBuildPhase;
			buildActionMask = 2147483647;
			files = (
				B1214DDF1CA4365700D65E76 /* baisibudejieTests.m in Sources */,
			);
			runOnlyForDeploymentPostprocessing = 0;
		};
		B1214DE11CA4365700D65E76 /* Sources */ = {
			isa = PBXSourcesBuildPhase;
			buildActionMask = 2147483647;
			files = (
				B1214DEA1CA4365700D65E76 /* baisibudejieUITests.m in Sources */,
			);
			runOnlyForDeploymentPostprocessing = 0;
		};
/* End PBXSourcesBuildPhase section */

/* Begin PBXTargetDependency section */
		B1214DDC1CA4365700D65E76 /* PBXTargetDependency */ = {
			isa = PBXTargetDependency;
			target = B1214DC01CA4365700D65E76 /* baisibudejie */;
			targetProxy = B1214DDB1CA4365700D65E76 /* PBXContainerItemProxy */;
		};
		B1214DE71CA4365700D65E76 /* PBXTargetDependency */ = {
			isa = PBXTargetDependency;
			target = B1214DC01CA4365700D65E76 /* baisibudejie */;
			targetProxy = B1214DE61CA4365700D65E76 /* PBXContainerItemProxy */;
		};
/* End PBXTargetDependency section */

/* Begin XCBuildConfiguration section */
		B1214DEC1CA4365700D65E76 /* Debug */ = {
			isa = XCBuildConfiguration;
			buildSettings = {
				ALWAYS_SEARCH_USER_PATHS = NO;
				CLANG_CXX_LANGUAGE_STANDARD = "gnu++0x";
				CLANG_CXX_LIBRARY = "libc++";
				CLANG_ENABLE_MODULES = YES;
				CLANG_ENABLE_OBJC_ARC = YES;
				CLANG_WARN_BOOL_CONVERSION = YES;
				CLANG_WARN_CONSTANT_CONVERSION = YES;
				CLANG_WARN_DIRECT_OBJC_ISA_USAGE = YES_ERROR;
				CLANG_WARN_EMPTY_BODY = YES;
				CLANG_WARN_ENUM_CONVERSION = YES;
				CLANG_WARN_INT_CONVERSION = YES;
				CLANG_WARN_OBJC_ROOT_CLASS = YES_ERROR;
				CLANG_WARN_UNREACHABLE_CODE = YES;
				CLANG_WARN__DUPLICATE_METHOD_MATCH = YES;
				"CODE_SIGN_IDENTITY[sdk=iphoneos*]" = "iPhone Developer";
				COPY_PHASE_STRIP = NO;
				DEBUG_INFORMATION_FORMAT = dwarf;
				ENABLE_STRICT_OBJC_MSGSEND = YES;
				ENABLE_TESTABILITY = YES;
				GCC_C_LANGUAGE_STANDARD = gnu99;
				GCC_DYNAMIC_NO_PIC = NO;
				GCC_NO_COMMON_BLOCKS = YES;
				GCC_OPTIMIZATION_LEVEL = 0;
				GCC_PREPROCESSOR_DEFINITIONS = (
					"DEBUG=1",
					"$(inherited)",
				);
				GCC_WARN_64_TO_32_BIT_CONVERSION = YES;
				GCC_WARN_ABOUT_RETURN_TYPE = YES_ERROR;
				GCC_WARN_UNDECLARED_SELECTOR = YES;
				GCC_WARN_UNINITIALIZED_AUTOS = YES_AGGRESSIVE;
				GCC_WARN_UNUSED_FUNCTION = YES;
				GCC_WARN_UNUSED_VARIABLE = YES;
				IPHONEOS_DEPLOYMENT_TARGET = 9.2;
				MTL_ENABLE_DEBUG_INFO = YES;
				ONLY_ACTIVE_ARCH = YES;
				SDKROOT = iphoneos;
			};
			name = Debug;
		};
		B1214DED1CA4365700D65E76 /* Release */ = {
			isa = XCBuildConfiguration;
			buildSettings = {
				ALWAYS_SEARCH_USER_PATHS = NO;
				CLANG_CXX_LANGUAGE_STANDARD = "gnu++0x";
				CLANG_CXX_LIBRARY = "libc++";
				CLANG_ENABLE_MODULES = YES;
				CLANG_ENABLE_OBJC_ARC = YES;
				CLANG_WARN_BOOL_CONVERSION = YES;
				CLANG_WARN_CONSTANT_CONVERSION = YES;
				CLANG_WARN_DIRECT_OBJC_ISA_USAGE = YES_ERROR;
				CLANG_WARN_EMPTY_BODY = YES;
				CLANG_WARN_ENUM_CONVERSION = YES;
				CLANG_WARN_INT_CONVERSION = YES;
				CLANG_WARN_OBJC_ROOT_CLASS = YES_ERROR;
				CLANG_WARN_UNREACHABLE_CODE = YES;
				CLANG_WARN__DUPLICATE_METHOD_MATCH = YES;
				"CODE_SIGN_IDENTITY[sdk=iphoneos*]" = "iPhone Developer";
				COPY_PHASE_STRIP = NO;
				DEBUG_INFORMATION_FORMAT = "dwarf-with-dsym";
				ENABLE_NS_ASSERTIONS = NO;
				ENABLE_STRICT_OBJC_MSGSEND = YES;
				GCC_C_LANGUAGE_STANDARD = gnu99;
				GCC_NO_COMMON_BLOCKS = YES;
				GCC_WARN_64_TO_32_BIT_CONVERSION = YES;
				GCC_WARN_ABOUT_RETURN_TYPE = YES_ERROR;
				GCC_WARN_UNDECLARED_SELECTOR = YES;
				GCC_WARN_UNINITIALIZED_AUTOS = YES_AGGRESSIVE;
				GCC_WARN_UNUSED_FUNCTION = YES;
				GCC_WARN_UNUSED_VARIABLE = YES;
				IPHONEOS_DEPLOYMENT_TARGET = 9.2;
				MTL_ENABLE_DEBUG_INFO = NO;
				SDKROOT = iphoneos;
				VALIDATE_PRODUCT = YES;
			};
			name = Release;
		};
		B1214DEF1CA4365700D65E76 /* Debug */ = {
			isa = XCBuildConfiguration;
			baseConfigurationReference = 3DABCA9FDA0C6E6515C888EB /* Pods.debug.xcconfig */;
			buildSettings = {
				ASSETCATALOG_COMPILER_APPICON_NAME = AppIcon;
				ASSETCATALOG_COMPILER_LAUNCHIMAGE_NAME = "Brand Assets";
				GCC_PREFIX_HEADER = baisibudejie/Classes/Other/PrefixHeader.pch;
				INFOPLIST_FILE = baisibudejie/Info.plist;
				IPHONEOS_DEPLOYMENT_TARGET = 9.2;
				LD_RUNPATH_SEARCH_PATHS = "$(inherited) @executable_path/Frameworks";
				PRODUCT_BUNDLE_IDENTIFIER = CN.SQ.baisibudejie;
				PRODUCT_NAME = "$(TARGET_NAME)";
			};
			name = Debug;
		};
		B1214DF01CA4365700D65E76 /* Release */ = {
			isa = XCBuildConfiguration;
			baseConfigurationReference = 57C57F3BF53F882AC0D395DB /* Pods.release.xcconfig */;
			buildSettings = {
				ASSETCATALOG_COMPILER_APPICON_NAME = AppIcon;
				ASSETCATALOG_COMPILER_LAUNCHIMAGE_NAME = "Brand Assets";
				GCC_PREFIX_HEADER = baisibudejie/Classes/Other/PrefixHeader.pch;
				INFOPLIST_FILE = baisibudejie/Info.plist;
				IPHONEOS_DEPLOYMENT_TARGET = 9.2;
				LD_RUNPATH_SEARCH_PATHS = "$(inherited) @executable_path/Frameworks";
				PRODUCT_BUNDLE_IDENTIFIER = CN.SQ.baisibudejie;
				PRODUCT_NAME = "$(TARGET_NAME)";
			};
			name = Release;
		};
		B1214DF21CA4365700D65E76 /* Debug */ = {
			isa = XCBuildConfiguration;
			buildSettings = {
				BUNDLE_LOADER = "$(TEST_HOST)";
				INFOPLIST_FILE = baisibudejieTests/Info.plist;
				LD_RUNPATH_SEARCH_PATHS = "$(inherited) @executable_path/Frameworks @loader_path/Frameworks";
				PRODUCT_BUNDLE_IDENTIFIER = CN.SQ.baisibudejieTests;
				PRODUCT_NAME = "$(TARGET_NAME)";
				TEST_HOST = "$(BUILT_PRODUCTS_DIR)/baisibudejie.app/baisibudejie";
			};
			name = Debug;
		};
		B1214DF31CA4365700D65E76 /* Release */ = {
			isa = XCBuildConfiguration;
			buildSettings = {
				BUNDLE_LOADER = "$(TEST_HOST)";
				INFOPLIST_FILE = baisibudejieTests/Info.plist;
				LD_RUNPATH_SEARCH_PATHS = "$(inherited) @executable_path/Frameworks @loader_path/Frameworks";
				PRODUCT_BUNDLE_IDENTIFIER = CN.SQ.baisibudejieTests;
				PRODUCT_NAME = "$(TARGET_NAME)";
				TEST_HOST = "$(BUILT_PRODUCTS_DIR)/baisibudejie.app/baisibudejie";
			};
			name = Release;
		};
		B1214DF51CA4365700D65E76 /* Debug */ = {
			isa = XCBuildConfiguration;
			buildSettings = {
				INFOPLIST_FILE = baisibudejieUITests/Info.plist;
				LD_RUNPATH_SEARCH_PATHS = "$(inherited) @executable_path/Frameworks @loader_path/Frameworks";
				PRODUCT_BUNDLE_IDENTIFIER = CN.SQ.baisibudejieUITests;
				PRODUCT_NAME = "$(TARGET_NAME)";
				TEST_TARGET_NAME = baisibudejie;
				USES_XCTRUNNER = YES;
			};
			name = Debug;
		};
		B1214DF61CA4365700D65E76 /* Release */ = {
			isa = XCBuildConfiguration;
			buildSettings = {
				INFOPLIST_FILE = baisibudejieUITests/Info.plist;
				LD_RUNPATH_SEARCH_PATHS = "$(inherited) @executable_path/Frameworks @loader_path/Frameworks";
				PRODUCT_BUNDLE_IDENTIFIER = CN.SQ.baisibudejieUITests;
				PRODUCT_NAME = "$(TARGET_NAME)";
				TEST_TARGET_NAME = baisibudejie;
				USES_XCTRUNNER = YES;
			};
			name = Release;
		};
/* End XCBuildConfiguration section */

/* Begin XCConfigurationList section */
		B1214DBC1CA4365700D65E76 /* Build configuration list for PBXProject "baisibudejie" */ = {
			isa = XCConfigurationList;
			buildConfigurations = (
				B1214DEC1CA4365700D65E76 /* Debug */,
				B1214DED1CA4365700D65E76 /* Release */,
			);
			defaultConfigurationIsVisible = 0;
			defaultConfigurationName = Release;
		};
		B1214DEE1CA4365700D65E76 /* Build configuration list for PBXNativeTarget "baisibudejie" */ = {
			isa = XCConfigurationList;
			buildConfigurations = (
				B1214DEF1CA4365700D65E76 /* Debug */,
				B1214DF01CA4365700D65E76 /* Release */,
			);
			defaultConfigurationIsVisible = 0;
			defaultConfigurationName = Release;
		};
		B1214DF11CA4365700D65E76 /* Build configuration list for PBXNativeTarget "baisibudejieTests" */ = {
			isa = XCConfigurationList;
			buildConfigurations = (
				B1214DF21CA4365700D65E76 /* Debug */,
				B1214DF31CA4365700D65E76 /* Release */,
			);
			defaultConfigurationIsVisible = 0;
			defaultConfigurationName = Release;
		};
		B1214DF41CA4365700D65E76 /* Build configuration list for PBXNativeTarget "baisibudejieUITests" */ = {
			isa = XCConfigurationList;
			buildConfigurations = (
				B1214DF51CA4365700D65E76 /* Debug */,
				B1214DF61CA4365700D65E76 /* Release */,
			);
			defaultConfigurationIsVisible = 0;
			defaultConfigurationName = Release;
		};
/* End XCConfigurationList section */
	};
	rootObject = B1214DB91CA4365700D65E76 /* Project object */;
}
